
Microsoft Visual Studio Solution File, Format Version 12.00
# Visual Studio Version 17
VisualStudioVersion = 17.14.36518.9 d17.14
MinimumVisualStudioVersion = 10.0.40219.1
Project("{2150E333-8FDC-42A3-9474-1A3956D46DE8}") = "src", "src", "{02EA681E-C7D8-13C7-8484-4AC65E1B71E8}"
EndProject
Project("{2150E333-8FDC-42A3-9474-1A3956D46DE8}") = "00.Framework", "00.Framework", "{A515BCE6-A925-43B9-89A3-C923D23B8481}"
EndProject
Project("{2150E333-8FDC-42A3-9474-1A3956D46DE8}") = "01.Domain", "01.Domain", "{30B1719C-37D6-4DF7-91A5-3E62E995E761}"
EndProject
Project("{2150E333-8FDC-42A3-9474-1A3956D46DE8}") = "02.Services", "02.Services", "{54F8D802-59BD-430F-A387-E1394FF5B020}"
EndProject
Project("{2150E333-8FDC-42A3-9474-1A3956D46DE8}") = "03.infrastructure", "03.infrastructure", "{3ED10B99-7018-494F-9CB2-E741400C63BF}"
EndProject
Project("{2150E333-8FDC-42A3-9474-1A3956D46DE8}") = "04.Presentation", "04.Presentation", "{08EF59C1-ADB2-4FF2-AF6A-C82C43CB5195}"
EndProject
Project("{FAE04EC0-301F-11D3-BF4B-00C04F79EFBC}") = "HW19.Framwork", "src\00.Framework\HW19.Framwork\HW19.Framwork.csproj", "{284F85C4-9CAB-40FD-9120-2C97FA920189}"
EndProject
Project("{FAE04EC0-301F-11D3-BF4B-00C04F79EFBC}") = "HW19.Domain", "src\01.Domain\HW19.Domain\HW19.Domain.csproj", "{3129951B-6384-40E3-942D-36932E57A21F}"
EndProject
Project("{FAE04EC0-301F-11D3-BF4B-00C04F79EFBC}") = "HW19.Services", "src\02.Services\HW19.Services\HW19.Services.csproj", "{AB0BA30A-847F-4E38-9E75-555B5DDF54D1}"
EndProject
Project("{FAE04EC0-301F-11D3-BF4B-00C04F79EFBC}") = "HW19.Infrastructure.EfCore", "src\03.infrastructure\HW19.Infrastructure.EfCore\HW19.Infrastructure.EfCore.csproj", "{077115AA-B88F-4DB2-8BE1-D5D3EB0DD4D8}"
EndProject
Project("{FAE04EC0-301F-11D3-BF4B-00C04F79EFBC}") = "HW19.Presentation.MVC", "src\04.Presentation\HW19.Presentation.MVC\HW19.Presentation.MVC.csproj", "{A6568148-13C5-4AD5-9D3D-28FC1EF1310E}"
EndProject
Global
	GlobalSection(SolutionConfigurationPlatforms) = preSolution
		Debug|Any CPU = Debug|Any CPU
		Release|Any CPU = Release|Any CPU
	EndGlobalSection
	GlobalSection(ProjectConfigurationPlatforms) = postSolution
		{284F85C4-9CAB-40FD-9120-2C97FA920189}.Debug|Any CPU.ActiveCfg = Debug|Any CPU
		{284F85C4-9CAB-40FD-9120-2C97FA920189}.Debug|Any CPU.Build.0 = Debug|Any CPU
		{284F85C4-9CAB-40FD-9120-2C97FA920189}.Release|Any CPU.ActiveCfg = Release|Any CPU
		{284F85C4-9CAB-40FD-9120-2C97FA920189}.Release|Any CPU.Build.0 = Release|Any CPU
		{3129951B-6384-40E3-942D-36932E57A21F}.Debug|Any CPU.ActiveCfg = Debug|Any CPU
		{3129951B-6384-40E3-942D-36932E57A21F}.Debug|Any CPU.Build.0 = Debug|Any CPU
		{3129951B-6384-40E3-942D-36932E57A21F}.Release|Any CPU.ActiveCfg = Release|Any CPU
		{3129951B-6384-40E3-942D-36932E57A21F}.Release|Any CPU.Build.0 = Release|Any CPU
		{AB0BA30A-847F-4E38-9E75-555B5DDF54D1}.Debug|Any CPU.ActiveCfg = Debug|Any CPU
		{AB0BA30A-847F-4E38-9E75-555B5DDF54D1}.Debug|Any CPU.Build.0 = Debug|Any CPU
		{AB0BA30A-847F-4E38-9E75-555B5DDF54D1}.Release|Any CPU.ActiveCfg = Release|Any CPU
		{AB0BA30A-847F-4E38-9E75-555B5DDF54D1}.Release|Any CPU.Build.0 = Release|Any CPU
		{077115AA-B88F-4DB2-8BE1-D5D3EB0DD4D8}.Debug|Any CPU.ActiveCfg = Debug|Any CPU
		{077115AA-B88F-4DB2-8BE1-D5D3EB0DD4D8}.Debug|Any CPU.Build.0 = Debug|Any CPU
		{077115AA-B88F-4DB2-8BE1-D5D3EB0DD4D8}.Release|Any CPU.ActiveCfg = Release|Any CPU
		{077115AA-B88F-4DB2-8BE1-D5D3EB0DD4D8}.Release|Any CPU.Build.0 = Release|Any CPU
		{A6568148-13C5-4AD5-9D3D-28FC1EF1310E}.Debug|Any CPU.ActiveCfg = Debug|Any CPU
		{A6568148-13C5-4AD5-9D3D-28FC1EF1310E}.Debug|Any CPU.Build.0 = Debug|Any CPU
		{A6568148-13C5-4AD5-9D3D-28FC1EF1310E}.Release|Any CPU.ActiveCfg = Release|Any CPU
		{A6568148-13C5-4AD5-9D3D-28FC1EF1310E}.Release|Any CPU.Build.0 = Release|Any CPU
	EndGlobalSection
	GlobalSection(SolutionProperties) = preSolution
		HideSolutionNode = FALSE
	EndGlobalSection
	GlobalSection(NestedProjects) = preSolution
		{A515BCE6-A925-43B9-89A3-C923D23B8481} = {02EA681E-C7D8-13C7-8484-4AC65E1B71E8}
		{30B1719C-37D6-4DF7-91A5-3E62E995E761} = {02EA681E-C7D8-13C7-8484-4AC65E1B71E8}
		{54F8D802-59BD-430F-A387-E1394FF5B020} = {02EA681E-C7D8-13C7-8484-4AC65E1B71E8}
		{3ED10B99-7018-494F-9CB2-E741400C63BF} = {02EA681E-C7D8-13C7-8484-4AC65E1B71E8}
		{08EF59C1-ADB2-4FF2-AF6A-C82C43CB5195} = {02EA681E-C7D8-13C7-8484-4AC65E1B71E8}
		{284F85C4-9CAB-40FD-9120-2C97FA920189} = {A515BCE6-A925-43B9-89A3-C923D23B8481}
		{3129951B-6384-40E3-942D-36932E57A21F} = {30B1719C-37D6-4DF7-91A5-3E62E995E761}
		{AB0BA30A-847F-4E38-9E75-555B5DDF54D1} = {54F8D802-59BD-430F-A387-E1394FF5B020}
		{077115AA-B88F-4DB2-8BE1-D5D3EB0DD4D8} = {3ED10B99-7018-494F-9CB2-E741400C63BF}
		{A6568148-13C5-4AD5-9D3D-28FC1EF1310E} = {08EF59C1-ADB2-4FF2-AF6A-C82C43CB5195}
	EndGlobalSection
	GlobalSection(ExtensibilityGlobals) = postSolution
		SolutionGuid = {EAAB416C-0E0A-42A5-AD32-C466C9FAD0B8}
	EndGlobalSection
EndGlobal
